
Microsoft Visual Studio Solution File, Format Version 12.00
# Visual Studio Version 16
VisualStudioVersion = 16.0.32002.261
MinimumVisualStudioVersion = 10.0.40219.1
Project("{FAE04EC0-301F-11D3-BF4B-00C04F79EFBC}") = "SandBox2", "SandBox2\SandBox2.csproj", "{C5B78ACF-ADE0-4193-8DCA-A8040D015D38}"
EndProject
Global
	GlobalSection(SolutionConfigurationPlatforms) = preSolution
		Debug|Any CPU = Debug|Any CPU
		Release|Any CPU = Release|Any CPU
	EndGlobalSection
	GlobalSection(ProjectConfigurationPlatforms) = postSolution
		{C5B78ACF-ADE0-4193-8DCA-A8040D015D38}.Debug|Any CPU.ActiveCfg = Debug|Any CPU
		{C5B78ACF-ADE0-4193-8DCA-A8040D015D38}.Debug|Any CPU.Build.0 = Debug|Any CPU
		{C5B78ACF-ADE0-4193-8DCA-A8040D015D38}.Release|Any CPU.ActiveCfg = Release|Any CPU
		{C5B78ACF-ADE0-4193-8DCA-A8040D015D38}.Release|Any CPU.Build.0 = Release|Any CPU
	EndGlobalSection
	GlobalSection(SolutionProperties) = preSolution
		HideSolutionNode = FALSE
	EndGlobalSection
	GlobalSection(ExtensibilityGlobals) = postSolution
		SolutionGuid = {C2E6FFBF-CEE7-4E81-8958-52E8EF52B55D}
	EndGlobalSection
EndGlobal
